
Microsoft Visual Studio Solution File, Format Version 12.00
# Visual Studio Version 17
VisualStudioVersion = 17.9.34701.34
MinimumVisualStudioVersion = 10.0.40219.1
Project("{FAE04EC0-301F-11D3-BF4B-00C04F79EFBC}") = "Checkers.Core", "Checkers.Core\Checkers.Core.csproj", "{C84658EE-6339-4ADF-8752-116594600801}"
EndProject
Global
	GlobalSection(SolutionConfigurationPlatforms) = preSolution
		Debug|Any CPU = Debug|Any CPU
		Release|Any CPU = Release|Any CPU
	EndGlobalSection
	GlobalSection(ProjectConfigurationPlatforms) = postSolution
		{C84658EE-6339-4ADF-8752-116594600801}.Debug|Any CPU.ActiveCfg = Debug|Any CPU
		{C84658EE-6339-4ADF-8752-116594600801}.Debug|Any CPU.Build.0 = Debug|Any CPU
		{C84658EE-6339-4ADF-8752-116594600801}.Release|Any CPU.ActiveCfg = Release|Any CPU
		{C84658EE-6339-4ADF-8752-116594600801}.Release|Any CPU.Build.0 = Release|Any CPU
	EndGlobalSection
	GlobalSection(SolutionProperties) = preSolution
		HideSolutionNode = FALSE
	EndGlobalSection
	GlobalSection(ExtensibilityGlobals) = postSolution
		SolutionGuid = {51C56386-EF04-4EDE-8C7A-0C5D80558343}
	EndGlobalSection
EndGlobal
